// !$*UTF8*$!
{
	archiveVersion = 1;
	classes = {
	};
	objectVersion = 51;
	objects = {

/* Begin PBXBuildFile section */
		0C067CEA40BA993C532F0423 /* Pods_Search_Movies_Rx_MVVM_Tests.framework in Frameworks */ = {isa = PBXBuildFile; fileRef = AFA079637BD1E38CC23E1DF2 /* Pods_Search_Movies_Rx_MVVM_Tests.framework */; };
		47068CF4D91AB8AC9E1D088C /* Pods_Search_Movies_Rx_MVVM_.framework in Frameworks */ = {isa = PBXBuildFile; fileRef = 0F8792948EA9D1BFA5A5772F /* Pods_Search_Movies_Rx_MVVM_.framework */; };
		7C14A3982625EB6700C7AE1F /* SearchHistoryViewModel.swift in Sources */ = {isa = PBXBuildFile; fileRef = 7C14A3972625EB6700C7AE1F /* SearchHistoryViewModel.swift */; };
		7C14A3AB2625EC7500C7AE1F /* SearchHistoryVC.swift in Sources */ = {isa = PBXBuildFile; fileRef = 7C14A3AA2625EC7500C7AE1F /* SearchHistoryVC.swift */; };
		7C14A3B32625EC7E00C7AE1F /* SearchHistory.storyboard in Resources */ = {isa = PBXBuildFile; fileRef = 7C14A3B22625EC7E00C7AE1F /* SearchHistory.storyboard */; };
		7C241A952619B2A800AB2250 /* AppDelegate.swift in Sources */ = {isa = PBXBuildFile; fileRef = 7C241A942619B2A800AB2250 /* AppDelegate.swift */; };
		7C241A992619B2A800AB2250 /* MainVC.swift in Sources */ = {isa = PBXBuildFile; fileRef = 7C241A982619B2A800AB2250 /* MainVC.swift */; };
		7C241A9C2619B2A800AB2250 /* Main.storyboard in Resources */ = {isa = PBXBuildFile; fileRef = 7C241A9A2619B2A800AB2250 /* Main.storyboard */; };
		7C241A9E2619B2AA00AB2250 /* Assets.xcassets in Resources */ = {isa = PBXBuildFile; fileRef = 7C241A9D2619B2AA00AB2250 /* Assets.xcassets */; };
		7C241AA12619B2AA00AB2250 /* LaunchScreen.storyboard in Resources */ = {isa = PBXBuildFile; fileRef = 7C241A9F2619B2AA00AB2250 /* LaunchScreen.storyboard */; };
		7C241AAC2619B2AA00AB2250 /* Search_Movies_Rx_MVVM_Tests.swift in Sources */ = {isa = PBXBuildFile; fileRef = 7C241AAB2619B2AA00AB2250 /* Search_Movies_Rx_MVVM_Tests.swift */; };
		7C241AB72619B2AA00AB2250 /* Search_Movies_Rx_MVVM_UITests.swift in Sources */ = {isa = PBXBuildFile; fileRef = 7C241AB62619B2AA00AB2250 /* Search_Movies_Rx_MVVM_UITests.swift */; };
		7C3BE01A262096F800604125 /* MainViewModel.swift in Sources */ = {isa = PBXBuildFile; fileRef = 7C3BE019262096F800604125 /* MainViewModel.swift */; };
		7C3BE0232620972800604125 /* BaseViewController.swift in Sources */ = {isa = PBXBuildFile; fileRef = 7C3BE0222620972800604125 /* BaseViewController.swift */; };
		7C3BE02B2620976E00604125 /* BaseNavigationController.swift in Sources */ = {isa = PBXBuildFile; fileRef = 7C3BE02A2620976E00604125 /* BaseNavigationController.swift */; };
		7C3BE0302620999700604125 /* GenreType.swift in Sources */ = {isa = PBXBuildFile; fileRef = 7C3BE02F2620999700604125 /* GenreType.swift */; };
		7C3BE03526209A4200604125 /* CountryType.swift in Sources */ = {isa = PBXBuildFile; fileRef = 7C3BE03426209A4200604125 /* CountryType.swift */; };
		7C3BE04026209B3A00604125 /* SearchModel.swift in Sources */ = {isa = PBXBuildFile; fileRef = 7C3BE03F26209B3A00604125 /* SearchModel.swift */; };
		7C3BE04626209CC300604125 /* ViewModelType.swift in Sources */ = {isa = PBXBuildFile; fileRef = 7C3BE04526209CC300604125 /* ViewModelType.swift */; };
		7C3BE04B26209CCA00604125 /* ViewModel.swift in Sources */ = {isa = PBXBuildFile; fileRef = 7C3BE04A26209CCA00604125 /* ViewModel.swift */; };
		7C3BE05626209EE100604125 /* BaseModel.swift in Sources */ = {isa = PBXBuildFile; fileRef = 7C3BE05526209EE100604125 /* BaseModel.swift */; };
		7C3BE05B26209F1700604125 /* MovieModel.swift in Sources */ = {isa = PBXBuildFile; fileRef = 7C3BE05A26209F1700604125 /* MovieModel.swift */; };
		7C3BE0612620A03100604125 /* Network.swift in Sources */ = {isa = PBXBuildFile; fileRef = 7C3BE0602620A03100604125 /* Network.swift */; };
		7C3BE0672620A05B00604125 /* HTTPMethod.swift in Sources */ = {isa = PBXBuildFile; fileRef = 7C3BE0662620A05B00604125 /* HTTPMethod.swift */; };
		7C3BE06C2620A06500604125 /* HTTPStatus.swift in Sources */ = {isa = PBXBuildFile; fileRef = 7C3BE06B2620A06500604125 /* HTTPStatus.swift */; };
		7C3BE0722620A2F900604125 /* Log.swift in Sources */ = {isa = PBXBuildFile; fileRef = 7C3BE0712620A2F900604125 /* Log.swift */; };
		7CC38F912635441100868884 /* Constants.swift in Sources */ = {isa = PBXBuildFile; fileRef = 7CC38F902635441100868884 /* Constants.swift */; };
		7CE69337262B2EAC0050302A /* MovieCell.swift in Sources */ = {isa = PBXBuildFile; fileRef = 7CE69335262B2EAC0050302A /* MovieCell.swift */; };
		7CE69338262B2EAC0050302A /* MovieCell.xib in Resources */ = {isa = PBXBuildFile; fileRef = 7CE69336262B2EAC0050302A /* MovieCell.xib */; };
		7CE6934C262B3E040050302A /* MovieDetail.storyboard in Resources */ = {isa = PBXBuildFile; fileRef = 7CE6934B262B3E040050302A /* MovieDetail.storyboard */; };
		7CE69351262B3E130050302A /* MovieDetailVC.swift in Sources */ = {isa = PBXBuildFile; fileRef = 7CE69350262B3E130050302A /* MovieDetailVC.swift */; };
		7CE6935F262BEE2A0050302A /* MovieDetailViewModel.swift in Sources */ = {isa = PBXBuildFile; fileRef = 7CE6935E262BEE2A0050302A /* MovieDetailViewModel.swift */; };
		7CE69392262C05D50050302A /* String+Extension.swift in Sources */ = {isa = PBXBuildFile; fileRef = 7CE69391262C05D50050302A /* String+Extension.swift */; };
		7CE693A0262C06D30050302A /* UIStoryboard+Helper.swift in Sources */ = {isa = PBXBuildFile; fileRef = 7CE6939F262C06D30050302A /* UIStoryboard+Helper.swift */; };
		A2E2B5B6353058AE7F278523 /* Pods_Search_Movies_Rx_MVVM__Search_Movies_Rx_MVVM_UITests.framework in Frameworks */ = {isa = PBXBuildFile; fileRef = E10D9DE03E1982022E6B17CF /* Pods_Search_Movies_Rx_MVVM__Search_Movies_Rx_MVVM_UITests.framework */; };
/* End PBXBuildFile section */

/* Begin PBXContainerItemProxy section */
		7C241AA82619B2AA00AB2250 /* PBXContainerItemProxy */ = {
			isa = PBXContainerItemProxy;
			containerPortal = 7C241A892619B2A800AB2250 /* Project object */;
			proxyType = 1;
			remoteGlobalIDString = 7C241A902619B2A800AB2250;
			remoteInfo = "Search_Movies(Rx+MVVM)";
		};
		7C241AB32619B2AA00AB2250 /* PBXContainerItemProxy */ = {
			isa = PBXContainerItemProxy;
			containerPortal = 7C241A892619B2A800AB2250 /* Project object */;
			proxyType = 1;
			remoteGlobalIDString = 7C241A902619B2A800AB2250;
			remoteInfo = "Search_Movies(Rx+MVVM)";
		};
/* End PBXContainerItemProxy section */

/* Begin PBXFileReference section */
		0F8792948EA9D1BFA5A5772F /* Pods_Search_Movies_Rx_MVVM_.framework */ = {isa = PBXFileReference; explicitFileType = wrapper.framework; includeInIndex = 0; path = Pods_Search_Movies_Rx_MVVM_.framework; sourceTree = BUILT_PRODUCTS_DIR; };
		1188A1449DBDB7C56A588589 /* Pods-Search_Movies(Rx+MVVM).release.xcconfig */ = {isa = PBXFileReference; includeInIndex = 1; lastKnownFileType = text.xcconfig; name = "Pods-Search_Movies(Rx+MVVM).release.xcconfig"; path = "Target Support Files/Pods-Search_Movies(Rx+MVVM)/Pods-Search_Movies(Rx+MVVM).release.xcconfig"; sourceTree = "<group>"; };
		2ABCCC640F8AC3796BA293BF /* Pods-Search_Movies(Rx+MVVM)-Search_Movies(Rx+MVVM)UITests.debug.xcconfig */ = {isa = PBXFileReference; includeInIndex = 1; lastKnownFileType = text.xcconfig; name = "Pods-Search_Movies(Rx+MVVM)-Search_Movies(Rx+MVVM)UITests.debug.xcconfig"; path = "Target Support Files/Pods-Search_Movies(Rx+MVVM)-Search_Movies(Rx+MVVM)UITests/Pods-Search_Movies(Rx+MVVM)-Search_Movies(Rx+MVVM)UITests.debug.xcconfig"; sourceTree = "<group>"; };
		2E220E2896DA7C9DCD1731BF /* Pods-Search_Movies(Rx+MVVM)-Search_Movies(Rx+MVVM)UITests.release.xcconfig */ = {isa = PBXFileReference; includeInIndex = 1; lastKnownFileType = text.xcconfig; name = "Pods-Search_Movies(Rx+MVVM)-Search_Movies(Rx+MVVM)UITests.release.xcconfig"; path = "Target Support Files/Pods-Search_Movies(Rx+MVVM)-Search_Movies(Rx+MVVM)UITests/Pods-Search_Movies(Rx+MVVM)-Search_Movies(Rx+MVVM)UITests.release.xcconfig"; sourceTree = "<group>"; };
		31ED2F8C98C0C64E00C28C7D /* Pods-Search_Movies(Rx+MVVM)Tests.debug.xcconfig */ = {isa = PBXFileReference; includeInIndex = 1; lastKnownFileType = text.xcconfig; name = "Pods-Search_Movies(Rx+MVVM)Tests.debug.xcconfig"; path = "Target Support Files/Pods-Search_Movies(Rx+MVVM)Tests/Pods-Search_Movies(Rx+MVVM)Tests.debug.xcconfig"; sourceTree = "<group>"; };
		355F8F5D657915CF9E28021A /* Pods-Search_Movies(Rx+MVVM)Tests.release.xcconfig */ = {isa = PBXFileReference; includeInIndex = 1; lastKnownFileType = text.xcconfig; name = "Pods-Search_Movies(Rx+MVVM)Tests.release.xcconfig"; path = "Target Support Files/Pods-Search_Movies(Rx+MVVM)Tests/Pods-Search_Movies(Rx+MVVM)Tests.release.xcconfig"; sourceTree = "<group>"; };
		7C14A3972625EB6700C7AE1F /* SearchHistoryViewModel.swift */ = {isa = PBXFileReference; lastKnownFileType = sourcecode.swift; path = SearchHistoryViewModel.swift; sourceTree = "<group>"; };
		7C14A3AA2625EC7500C7AE1F /* SearchHistoryVC.swift */ = {isa = PBXFileReference; lastKnownFileType = sourcecode.swift; path = SearchHistoryVC.swift; sourceTree = "<group>"; };
		7C14A3B22625EC7E00C7AE1F /* SearchHistory.storyboard */ = {isa = PBXFileReference; lastKnownFileType = file.storyboard; path = SearchHistory.storyboard; sourceTree = "<group>"; };
		7C241A912619B2A800AB2250 /* Search_Movies(Rx+MVVM).app */ = {isa = PBXFileReference; explicitFileType = wrapper.application; includeInIndex = 0; path = "Search_Movies(Rx+MVVM).app"; sourceTree = BUILT_PRODUCTS_DIR; };
		7C241A942619B2A800AB2250 /* AppDelegate.swift */ = {isa = PBXFileReference; lastKnownFileType = sourcecode.swift; path = AppDelegate.swift; sourceTree = "<group>"; };
		7C241A982619B2A800AB2250 /* MainVC.swift */ = {isa = PBXFileReference; lastKnownFileType = sourcecode.swift; path = MainVC.swift; sourceTree = "<group>"; };
		7C241A9B2619B2A800AB2250 /* Base */ = {isa = PBXFileReference; lastKnownFileType = file.storyboard; name = Base; path = Base.lproj/Main.storyboard; sourceTree = "<group>"; };
		7C241A9D2619B2AA00AB2250 /* Assets.xcassets */ = {isa = PBXFileReference; lastKnownFileType = folder.assetcatalog; path = Assets.xcassets; sourceTree = "<group>"; };
		7C241AA02619B2AA00AB2250 /* Base */ = {isa = PBXFileReference; lastKnownFileType = file.storyboard; name = Base; path = Base.lproj/LaunchScreen.storyboard; sourceTree = "<group>"; };
		7C241AA22619B2AA00AB2250 /* Info.plist */ = {isa = PBXFileReference; lastKnownFileType = text.plist.xml; path = Info.plist; sourceTree = "<group>"; };
		7C241AA72619B2AA00AB2250 /* Search_Movies(Rx+MVVM)Tests.xctest */ = {isa = PBXFileReference; explicitFileType = wrapper.cfbundle; includeInIndex = 0; path = "Search_Movies(Rx+MVVM)Tests.xctest"; sourceTree = BUILT_PRODUCTS_DIR; };
		7C241AAB2619B2AA00AB2250 /* Search_Movies_Rx_MVVM_Tests.swift */ = {isa = PBXFileReference; lastKnownFileType = sourcecode.swift; path = Search_Movies_Rx_MVVM_Tests.swift; sourceTree = "<group>"; };
		7C241AAD2619B2AA00AB2250 /* Info.plist */ = {isa = PBXFileReference; lastKnownFileType = text.plist.xml; path = Info.plist; sourceTree = "<group>"; };
		7C241AB22619B2AA00AB2250 /* Search_Movies(Rx+MVVM)UITests.xctest */ = {isa = PBXFileReference; explicitFileType = wrapper.cfbundle; includeInIndex = 0; path = "Search_Movies(Rx+MVVM)UITests.xctest"; sourceTree = BUILT_PRODUCTS_DIR; };
		7C241AB62619B2AA00AB2250 /* Search_Movies_Rx_MVVM_UITests.swift */ = {isa = PBXFileReference; lastKnownFileType = sourcecode.swift; path = Search_Movies_Rx_MVVM_UITests.swift; sourceTree = "<group>"; };
		7C241AB82619B2AA00AB2250 /* Info.plist */ = {isa = PBXFileReference; lastKnownFileType = text.plist.xml; path = Info.plist; sourceTree = "<group>"; };
		7C3BE019262096F800604125 /* MainViewModel.swift */ = {isa = PBXFileReference; lastKnownFileType = sourcecode.swift; path = MainViewModel.swift; sourceTree = "<group>"; };
		7C3BE0222620972800604125 /* BaseViewController.swift */ = {isa = PBXFileReference; lastKnownFileType = sourcecode.swift; path = BaseViewController.swift; sourceTree = "<group>"; };
		7C3BE02A2620976E00604125 /* BaseNavigationController.swift */ = {isa = PBXFileReference; lastKnownFileType = sourcecode.swift; path = BaseNavigationController.swift; sourceTree = "<group>"; };
		7C3BE02F2620999700604125 /* GenreType.swift */ = {isa = PBXFileReference; lastKnownFileType = sourcecode.swift; path = GenreType.swift; sourceTree = "<group>"; };
		7C3BE03426209A4200604125 /* CountryType.swift */ = {isa = PBXFileReference; lastKnownFileType = sourcecode.swift; path = CountryType.swift; sourceTree = "<group>"; };
		7C3BE03F26209B3A00604125 /* SearchModel.swift */ = {isa = PBXFileReference; lastKnownFileType = sourcecode.swift; path = SearchModel.swift; sourceTree = "<group>"; };
		7C3BE04526209CC300604125 /* ViewModelType.swift */ = {isa = PBXFileReference; lastKnownFileType = sourcecode.swift; path = ViewModelType.swift; sourceTree = "<group>"; };
		7C3BE04A26209CCA00604125 /* ViewModel.swift */ = {isa = PBXFileReference; lastKnownFileType = sourcecode.swift; path = ViewModel.swift; sourceTree = "<group>"; };
		7C3BE05526209EE100604125 /* BaseModel.swift */ = {isa = PBXFileReference; lastKnownFileType = sourcecode.swift; path = BaseModel.swift; sourceTree = "<group>"; };
		7C3BE05A26209F1700604125 /* MovieModel.swift */ = {isa = PBXFileReference; lastKnownFileType = sourcecode.swift; path = MovieModel.swift; sourceTree = "<group>"; };
		7C3BE0602620A03100604125 /* Network.swift */ = {isa = PBXFileReference; lastKnownFileType = sourcecode.swift; path = Network.swift; sourceTree = "<group>"; };
		7C3BE0662620A05B00604125 /* HTTPMethod.swift */ = {isa = PBXFileReference; lastKnownFileType = sourcecode.swift; path = HTTPMethod.swift; sourceTree = "<group>"; };
		7C3BE06B2620A06500604125 /* HTTPStatus.swift */ = {isa = PBXFileReference; lastKnownFileType = sourcecode.swift; path = HTTPStatus.swift; sourceTree = "<group>"; };
		7C3BE0712620A2F900604125 /* Log.swift */ = {isa = PBXFileReference; lastKnownFileType = sourcecode.swift; path = Log.swift; sourceTree = "<group>"; };
		7CC38F902635441100868884 /* Constants.swift */ = {isa = PBXFileReference; lastKnownFileType = sourcecode.swift; path = Constants.swift; sourceTree = "<group>"; };
		7CE69335262B2EAC0050302A /* MovieCell.swift */ = {isa = PBXFileReference; lastKnownFileType = sourcecode.swift; path = MovieCell.swift; sourceTree = "<group>"; };
		7CE69336262B2EAC0050302A /* MovieCell.xib */ = {isa = PBXFileReference; lastKnownFileType = file.xib; path = MovieCell.xib; sourceTree = "<group>"; };
		7CE6934B262B3E040050302A /* MovieDetail.storyboard */ = {isa = PBXFileReference; lastKnownFileType = file.storyboard; path = MovieDetail.storyboard; sourceTree = "<group>"; };
		7CE69350262B3E130050302A /* MovieDetailVC.swift */ = {isa = PBXFileReference; lastKnownFileType = sourcecode.swift; path = MovieDetailVC.swift; sourceTree = "<group>"; };
		7CE6935E262BEE2A0050302A /* MovieDetailViewModel.swift */ = {isa = PBXFileReference; lastKnownFileType = sourcecode.swift; path = MovieDetailViewModel.swift; sourceTree = "<group>"; };
		7CE69391262C05D50050302A /* String+Extension.swift */ = {isa = PBXFileReference; lastKnownFileType = sourcecode.swift; path = "String+Extension.swift"; sourceTree = "<group>"; };
		7CE6939F262C06D30050302A /* UIStoryboard+Helper.swift */ = {isa = PBXFileReference; lastKnownFileType = sourcecode.swift; path = "UIStoryboard+Helper.swift"; sourceTree = "<group>"; };
		AFA079637BD1E38CC23E1DF2 /* Pods_Search_Movies_Rx_MVVM_Tests.framework */ = {isa = PBXFileReference; explicitFileType = wrapper.framework; includeInIndex = 0; path = Pods_Search_Movies_Rx_MVVM_Tests.framework; sourceTree = BUILT_PRODUCTS_DIR; };
		E10D9DE03E1982022E6B17CF /* Pods_Search_Movies_Rx_MVVM__Search_Movies_Rx_MVVM_UITests.framework */ = {isa = PBXFileReference; explicitFileType = wrapper.framework; includeInIndex = 0; path = Pods_Search_Movies_Rx_MVVM__Search_Movies_Rx_MVVM_UITests.framework; sourceTree = BUILT_PRODUCTS_DIR; };
		FD4F66A530F1D743AE43A205 /* Pods-Search_Movies(Rx+MVVM).debug.xcconfig */ = {isa = PBXFileReference; includeInIndex = 1; lastKnownFileType = text.xcconfig; name = "Pods-Search_Movies(Rx+MVVM).debug.xcconfig"; path = "Target Support Files/Pods-Search_Movies(Rx+MVVM)/Pods-Search_Movies(Rx+MVVM).debug.xcconfig"; sourceTree = "<group>"; };
/* End PBXFileReference section */

/* Begin PBXFrameworksBuildPhase section */
		7C241A8E2619B2A800AB2250 /* Frameworks */ = {
			isa = PBXFrameworksBuildPhase;
			buildActionMask = 2147483647;
			files = (
				47068CF4D91AB8AC9E1D088C /* Pods_Search_Movies_Rx_MVVM_.framework in Frameworks */,
			);
			runOnlyForDeploymentPostprocessing = 0;
		};
		7C241AA42619B2AA00AB2250 /* Frameworks */ = {
			isa = PBXFrameworksBuildPhase;
			buildActionMask = 2147483647;
			files = (
				0C067CEA40BA993C532F0423 /* Pods_Search_Movies_Rx_MVVM_Tests.framework in Frameworks */,
			);
			runOnlyForDeploymentPostprocessing = 0;
		};
		7C241AAF2619B2AA00AB2250 /* Frameworks */ = {
			isa = PBXFrameworksBuildPhase;
			buildActionMask = 2147483647;
			files = (
				A2E2B5B6353058AE7F278523 /* Pods_Search_Movies_Rx_MVVM__Search_Movies_Rx_MVVM_UITests.framework in Frameworks */,
			);
			runOnlyForDeploymentPostprocessing = 0;
		};
/* End PBXFrameworksBuildPhase section */

/* Begin PBXGroup section */
		143C152F25BFAFC844564598 /* Frameworks */ = {
			isa = PBXGroup;
			children = (
				0F8792948EA9D1BFA5A5772F /* Pods_Search_Movies_Rx_MVVM_.framework */,
				E10D9DE03E1982022E6B17CF /* Pods_Search_Movies_Rx_MVVM__Search_Movies_Rx_MVVM_UITests.framework */,
				AFA079637BD1E38CC23E1DF2 /* Pods_Search_Movies_Rx_MVVM_Tests.framework */,
			);
			name = Frameworks;
			sourceTree = "<group>";
		};
		7C14A38C2625EAA000C7AE1F /* SearchHistroy */ = {
			isa = PBXGroup;
			children = (
				7C14A3B22625EC7E00C7AE1F /* SearchHistory.storyboard */,
				7C14A3AA2625EC7500C7AE1F /* SearchHistoryVC.swift */,
				7C14A3972625EB6700C7AE1F /* SearchHistoryViewModel.swift */,
			);
			path = SearchHistroy;
			sourceTree = "<group>";
		};
		7C241A882619B2A800AB2250 = {
			isa = PBXGroup;
			children = (
				7C241A932619B2A800AB2250 /* Search_Movies(Rx+MVVM) */,
				7C241AAA2619B2AA00AB2250 /* Search_Movies(Rx+MVVM)Tests */,
				7C241AB52619B2AA00AB2250 /* Search_Movies(Rx+MVVM)UITests */,
				7C241A922619B2A800AB2250 /* Products */,
				DE09A1681E7DC5CA4631091F /* Pods */,
				143C152F25BFAFC844564598 /* Frameworks */,
			);
			sourceTree = "<group>";
		};
		7C241A922619B2A800AB2250 /* Products */ = {
			isa = PBXGroup;
			children = (
				7C241A912619B2A800AB2250 /* Search_Movies(Rx+MVVM).app */,
				7C241AA72619B2AA00AB2250 /* Search_Movies(Rx+MVVM)Tests.xctest */,
				7C241AB22619B2AA00AB2250 /* Search_Movies(Rx+MVVM)UITests.xctest */,
			);
			name = Products;
			sourceTree = "<group>";
		};
		7C241A932619B2A800AB2250 /* Search_Movies(Rx+MVVM) */ = {
			isa = PBXGroup;
			children = (
				7C3BE00326208F3100604125 /* Classes */,
				7C3BE00526208F3900604125 /* Resources */,
				7C3BE00426208F3600604125 /* Supporting Files */,
			);
			path = "Search_Movies(Rx+MVVM)";
			sourceTree = "<group>";
		};
		7C241AAA2619B2AA00AB2250 /* Search_Movies(Rx+MVVM)Tests */ = {
			isa = PBXGroup;
			children = (
				7C241AAB2619B2AA00AB2250 /* Search_Movies_Rx_MVVM_Tests.swift */,
				7C241AAD2619B2AA00AB2250 /* Info.plist */,
			);
			path = "Search_Movies(Rx+MVVM)Tests";
			sourceTree = "<group>";
		};
		7C241AB52619B2AA00AB2250 /* Search_Movies(Rx+MVVM)UITests */ = {
			isa = PBXGroup;
			children = (
				7C241AB62619B2AA00AB2250 /* Search_Movies_Rx_MVVM_UITests.swift */,
				7C241AB82619B2AA00AB2250 /* Info.plist */,
			);
			path = "Search_Movies(Rx+MVVM)UITests";
			sourceTree = "<group>";
		};
		7C3BE00326208F3100604125 /* Classes */ = {
			isa = PBXGroup;
			children = (
				7C3BE00626208F5700604125 /* App */,
				7C3BE010262095E100604125 /* Modules */,
				7C3BE012262095FB00604125 /* Model */,
				7C3BE0132620960500604125 /* Enums */,
				7C3BE0142620960D00604125 /* Common */,
				7C3BE0152620963600604125 /* Provider */,
			);
			path = Classes;
			sourceTree = "<group>";
		};
		7C3BE00426208F3600604125 /* Supporting Files */ = {
			isa = PBXGroup;
			children = (
				7C241A9F2619B2AA00AB2250 /* LaunchScreen.storyboard */,
				7C241AA22619B2AA00AB2250 /* Info.plist */,
			);
			path = "Supporting Files";
			sourceTree = "<group>";
		};
		7C3BE00526208F3900604125 /* Resources */ = {
			isa = PBXGroup;
			children = (
				7C241A9D2619B2AA00AB2250 /* Assets.xcassets */,
			);
			path = Resources;
			sourceTree = "<group>";
		};
		7C3BE00626208F5700604125 /* App */ = {
			isa = PBXGroup;
			children = (
				7C241A942619B2A800AB2250 /* AppDelegate.swift */,
			);
			path = App;
			sourceTree = "<group>";
		};
		7C3BE010262095E100604125 /* Modules */ = {
			isa = PBXGroup;
			children = (
				7CE6934A262B3DF40050302A /* MovieDetail */,
				7C14A38C2625EAA000C7AE1F /* SearchHistroy */,
				7C3BE011262095EA00604125 /* Main */,
			);
			path = Modules;
			sourceTree = "<group>";
		};
		7C3BE011262095EA00604125 /* Main */ = {
			isa = PBXGroup;
			children = (
				7C3BE0942622EB3C00604125 /* Cell */,
				7C241A9A2619B2A800AB2250 /* Main.storyboard */,
				7C241A982619B2A800AB2250 /* MainVC.swift */,
				7C3BE019262096F800604125 /* MainViewModel.swift */,
			);
			path = Main;
			sourceTree = "<group>";
		};
		7C3BE012262095FB00604125 /* Model */ = {
			isa = PBXGroup;
			children = (
				7C3BE03F26209B3A00604125 /* SearchModel.swift */,
				7C3BE05526209EE100604125 /* BaseModel.swift */,
				7C3BE05A26209F1700604125 /* MovieModel.swift */,
			);
			path = Model;
			sourceTree = "<group>";
		};
		7C3BE0132620960500604125 /* Enums */ = {
			isa = PBXGroup;
			children = (
				7C3BE0652620A04E00604125 /* HTTP */,
				7C3BE02F2620999700604125 /* GenreType.swift */,
				7C3BE03426209A4200604125 /* CountryType.swift */,
				7CC38F902635441100868884 /* Constants.swift */,
			);
			path = Enums;
			sourceTree = "<group>";
		};
		7C3BE0142620960D00604125 /* Common */ = {
			isa = PBXGroup;
			children = (
				7CE6939E262C06C30050302A /* Helper */,
				7CE69355262BEC990050302A /* Extension */,
				7C3BE0212620971600604125 /* Base */,
				7C3BE04426209CB400604125 /* ViewModel */,
				7C3BE05F26209FF500604125 /* Managers */,
				7C3BE0702620A2EC00604125 /* Utils */,
			);
			path = Common;
			sourceTree = "<group>";
		};
		7C3BE0152620963600604125 /* Provider */ = {
			isa = PBXGroup;
			children = (
			);
			path = Provider;
			sourceTree = "<group>";
		};
		7C3BE0212620971600604125 /* Base */ = {
			isa = PBXGroup;
			children = (
				7C3BE0222620972800604125 /* BaseViewController.swift */,
				7C3BE02A2620976E00604125 /* BaseNavigationController.swift */,
			);
			path = Base;
			sourceTree = "<group>";
		};
		7C3BE04426209CB400604125 /* ViewModel */ = {
			isa = PBXGroup;
			children = (
				7C3BE04526209CC300604125 /* ViewModelType.swift */,
				7C3BE04A26209CCA00604125 /* ViewModel.swift */,
			);
			path = ViewModel;
			sourceTree = "<group>";
		};
		7C3BE05F26209FF500604125 /* Managers */ = {
			isa = PBXGroup;
			children = (
				7C3BE0602620A03100604125 /* Network.swift */,
			);
			path = Managers;
			sourceTree = "<group>";
		};
		7C3BE0652620A04E00604125 /* HTTP */ = {
			isa = PBXGroup;
			children = (
				7C3BE0662620A05B00604125 /* HTTPMethod.swift */,
				7C3BE06B2620A06500604125 /* HTTPStatus.swift */,
			);
			path = HTTP;
			sourceTree = "<group>";
		};
		7C3BE0702620A2EC00604125 /* Utils */ = {
			isa = PBXGroup;
			children = (
				7C3BE0712620A2F900604125 /* Log.swift */,
			);
			path = Utils;
			sourceTree = "<group>";
		};
		7C3BE0942622EB3C00604125 /* Cell */ = {
			isa = PBXGroup;
			children = (
				7CE69335262B2EAC0050302A /* MovieCell.swift */,
				7CE69336262B2EAC0050302A /* MovieCell.xib */,
			);
			path = Cell;
			sourceTree = "<group>";
		};
		7CE6934A262B3DF40050302A /* MovieDetail */ = {
			isa = PBXGroup;
			children = (
				7CE6934B262B3E040050302A /* MovieDetail.storyboard */,
				7CE69350262B3E130050302A /* MovieDetailVC.swift */,
				7CE6935E262BEE2A0050302A /* MovieDetailViewModel.swift */,
			);
			path = MovieDetail;
			sourceTree = "<group>";
		};
		7CE69355262BEC990050302A /* Extension */ = {
			isa = PBXGroup;
			children = (
				7CE69391262C05D50050302A /* String+Extension.swift */,
			);
			path = Extension;
			sourceTree = "<group>";
		};
		7CE6939E262C06C30050302A /* Helper */ = {
			isa = PBXGroup;
			children = (
				7CE6939F262C06D30050302A /* UIStoryboard+Helper.swift */,
			);
			path = Helper;
			sourceTree = "<group>";
		};
		DE09A1681E7DC5CA4631091F /* Pods */ = {
			isa = PBXGroup;
			children = (
				FD4F66A530F1D743AE43A205 /* Pods-Search_Movies(Rx+MVVM).debug.xcconfig */,
				1188A1449DBDB7C56A588589 /* Pods-Search_Movies(Rx+MVVM).release.xcconfig */,
				2ABCCC640F8AC3796BA293BF /* Pods-Search_Movies(Rx+MVVM)-Search_Movies(Rx+MVVM)UITests.debug.xcconfig */,
				2E220E2896DA7C9DCD1731BF /* Pods-Search_Movies(Rx+MVVM)-Search_Movies(Rx+MVVM)UITests.release.xcconfig */,
				31ED2F8C98C0C64E00C28C7D /* Pods-Search_Movies(Rx+MVVM)Tests.debug.xcconfig */,
				355F8F5D657915CF9E28021A /* Pods-Search_Movies(Rx+MVVM)Tests.release.xcconfig */,
			);
			path = Pods;
			sourceTree = "<group>";
		};
/* End PBXGroup section */

/* Begin PBXNativeTarget section */
		7C241A902619B2A800AB2250 /* Search_Movies(Rx+MVVM) */ = {
			isa = PBXNativeTarget;
			buildConfigurationList = 7C241ABB2619B2AA00AB2250 /* Build configuration list for PBXNativeTarget "Search_Movies(Rx+MVVM)" */;
			buildPhases = (
				EDCFDA6871A741E492E8C111 /* [CP] Check Pods Manifest.lock */,
				7C241A8D2619B2A800AB2250 /* Sources */,
				7C241A8E2619B2A800AB2250 /* Frameworks */,
				7C241A8F2619B2A800AB2250 /* Resources */,
				3FBDCCF641B7FD6201F1AC67 /* [CP] Embed Pods Frameworks */,
			);
			buildRules = (
			);
			dependencies = (
			);
			name = "Search_Movies(Rx+MVVM)";
			productName = "Search_Movies(Rx+MVVM)";
			productReference = 7C241A912619B2A800AB2250 /* Search_Movies(Rx+MVVM).app */;
			productType = "com.apple.product-type.application";
		};
		7C241AA62619B2AA00AB2250 /* Search_Movies(Rx+MVVM)Tests */ = {
			isa = PBXNativeTarget;
			buildConfigurationList = 7C241ABE2619B2AA00AB2250 /* Build configuration list for PBXNativeTarget "Search_Movies(Rx+MVVM)Tests" */;
			buildPhases = (
				19B3500ACA0851190D39AF89 /* [CP] Check Pods Manifest.lock */,
				7C241AA32619B2AA00AB2250 /* Sources */,
				7C241AA42619B2AA00AB2250 /* Frameworks */,
				7C241AA52619B2AA00AB2250 /* Resources */,
			);
			buildRules = (
			);
			dependencies = (
				7C241AA92619B2AA00AB2250 /* PBXTargetDependency */,
			);
			name = "Search_Movies(Rx+MVVM)Tests";
			productName = "Search_Movies(Rx+MVVM)Tests";
			productReference = 7C241AA72619B2AA00AB2250 /* Search_Movies(Rx+MVVM)Tests.xctest */;
			productType = "com.apple.product-type.bundle.unit-test";
		};
		7C241AB12619B2AA00AB2250 /* Search_Movies(Rx+MVVM)UITests */ = {
			isa = PBXNativeTarget;
			buildConfigurationList = 7C241AC12619B2AA00AB2250 /* Build configuration list for PBXNativeTarget "Search_Movies(Rx+MVVM)UITests" */;
			buildPhases = (
				0D45B019AD337AE161E06AD9 /* [CP] Check Pods Manifest.lock */,
				7C241AAE2619B2AA00AB2250 /* Sources */,
				7C241AAF2619B2AA00AB2250 /* Frameworks */,
				7C241AB02619B2AA00AB2250 /* Resources */,
				D9AA0B252BACF23E58440879 /* [CP] Embed Pods Frameworks */,
			);
			buildRules = (
			);
			dependencies = (
				7C241AB42619B2AA00AB2250 /* PBXTargetDependency */,
			);
			name = "Search_Movies(Rx+MVVM)UITests";
			productName = "Search_Movies(Rx+MVVM)UITests";
			productReference = 7C241AB22619B2AA00AB2250 /* Search_Movies(Rx+MVVM)UITests.xctest */;
			productType = "com.apple.product-type.bundle.ui-testing";
		};
/* End PBXNativeTarget section */

/* Begin PBXProject section */
		7C241A892619B2A800AB2250 /* Project object */ = {
			isa = PBXProject;
			attributes = {
				LastSwiftUpdateCheck = 1220;
				LastUpgradeCheck = 1220;
				TargetAttributes = {
					7C241A902619B2A800AB2250 = {
						CreatedOnToolsVersion = 12.2;
					};
					7C241AA62619B2AA00AB2250 = {
						CreatedOnToolsVersion = 12.2;
						TestTargetID = 7C241A902619B2A800AB2250;
					};
					7C241AB12619B2AA00AB2250 = {
						CreatedOnToolsVersion = 12.2;
						TestTargetID = 7C241A902619B2A800AB2250;
					};
				};
			};
			buildConfigurationList = 7C241A8C2619B2A800AB2250 /* Build configuration list for PBXProject "Search_Movies(Rx+MVVM)" */;
			compatibilityVersion = "Xcode 9.3";
			developmentRegion = en;
			hasScannedForEncodings = 0;
			knownRegions = (
				en,
				Base,
			);
			mainGroup = 7C241A882619B2A800AB2250;
			productRefGroup = 7C241A922619B2A800AB2250 /* Products */;
			projectDirPath = "";
			projectRoot = "";
			targets = (
				7C241A902619B2A800AB2250 /* Search_Movies(Rx+MVVM) */,
				7C241AA62619B2AA00AB2250 /* Search_Movies(Rx+MVVM)Tests */,
				7C241AB12619B2AA00AB2250 /* Search_Movies(Rx+MVVM)UITests */,
			);
		};
/* End PBXProject section */

/* Begin PBXResourcesBuildPhase section */
		7C241A8F2619B2A800AB2250 /* Resources */ = {
			isa = PBXResourcesBuildPhase;
			buildActionMask = 2147483647;
			files = (
				7CE6934C262B3E040050302A /* MovieDetail.storyboard in Resources */,
				7C241AA12619B2AA00AB2250 /* LaunchScreen.storyboard in Resources */,
				7C241A9E2619B2AA00AB2250 /* Assets.xcassets in Resources */,
				7C241A9C2619B2A800AB2250 /* Main.storyboard in Resources */,
				7C14A3B32625EC7E00C7AE1F /* SearchHistory.storyboard in Resources */,
				7CE69338262B2EAC0050302A /* MovieCell.xib in Resources */,
			);
			runOnlyForDeploymentPostprocessing = 0;
		};
		7C241AA52619B2AA00AB2250 /* Resources */ = {
			isa = PBXResourcesBuildPhase;
			buildActionMask = 2147483647;
			files = (
			);
			runOnlyForDeploymentPostprocessing = 0;
		};
		7C241AB02619B2AA00AB2250 /* Resources */ = {
			isa = PBXResourcesBuildPhase;
			buildActionMask = 2147483647;
			files = (
			);
			runOnlyForDeploymentPostprocessing = 0;
		};
/* End PBXResourcesBuildPhase section */

/* Begin PBXShellScriptBuildPhase section */
		0D45B019AD337AE161E06AD9 /* [CP] Check Pods Manifest.lock */ = {
			isa = PBXShellScriptBuildPhase;
			buildActionMask = 2147483647;
			files = (
			);
			inputFileListPaths = (
			);
			inputPaths = (
				"${PODS_PODFILE_DIR_PATH}/Podfile.lock",
				"${PODS_ROOT}/Manifest.lock",
			);
			name = "[CP] Check Pods Manifest.lock";
			outputFileListPaths = (
			);
			outputPaths = (
				"$(DERIVED_FILE_DIR)/Pods-Search_Movies(Rx+MVVM)-Search_Movies(Rx+MVVM)UITests-checkManifestLockResult.txt",
			);
			runOnlyForDeploymentPostprocessing = 0;
			shellPath = /bin/sh;
			shellScript = "diff \"${PODS_PODFILE_DIR_PATH}/Podfile.lock\" \"${PODS_ROOT}/Manifest.lock\" > /dev/null\nif [ $? != 0 ] ; then\n    # print error to STDERR\n    echo \"error: The sandbox is not in sync with the Podfile.lock. Run 'pod install' or update your CocoaPods installation.\" >&2\n    exit 1\nfi\n# This output is used by Xcode 'outputs' to avoid re-running this script phase.\necho \"SUCCESS\" > \"${SCRIPT_OUTPUT_FILE_0}\"\n";
			showEnvVarsInLog = 0;
		};
		19B3500ACA0851190D39AF89 /* [CP] Check Pods Manifest.lock */ = {
			isa = PBXShellScriptBuildPhase;
			buildActionMask = 2147483647;
			files = (
			);
			inputFileListPaths = (
			);
			inputPaths = (
				"${PODS_PODFILE_DIR_PATH}/Podfile.lock",
				"${PODS_ROOT}/Manifest.lock",
			);
			name = "[CP] Check Pods Manifest.lock";
			outputFileListPaths = (
			);
			outputPaths = (
				"$(DERIVED_FILE_DIR)/Pods-Search_Movies(Rx+MVVM)Tests-checkManifestLockResult.txt",
			);
			runOnlyForDeploymentPostprocessing = 0;
			shellPath = /bin/sh;
			shellScript = "diff \"${PODS_PODFILE_DIR_PATH}/Podfile.lock\" \"${PODS_ROOT}/Manifest.lock\" > /dev/null\nif [ $? != 0 ] ; then\n    # print error to STDERR\n    echo \"error: The sandbox is not in sync with the Podfile.lock. Run 'pod install' or update your CocoaPods installation.\" >&2\n    exit 1\nfi\n# This output is used by Xcode 'outputs' to avoid re-running this script phase.\necho \"SUCCESS\" > \"${SCRIPT_OUTPUT_FILE_0}\"\n";
			showEnvVarsInLog = 0;
		};
		3FBDCCF641B7FD6201F1AC67 /* [CP] Embed Pods Frameworks */ = {
			isa = PBXShellScriptBuildPhase;
			buildActionMask = 2147483647;
			files = (
			);
			inputFileListPaths = (
				"${PODS_ROOT}/Target Support Files/Pods-Search_Movies(Rx+MVVM)/Pods-Search_Movies(Rx+MVVM)-frameworks-${CONFIGURATION}-input-files.xcfilelist",
			);
			name = "[CP] Embed Pods Frameworks";
			outputFileListPaths = (
				"${PODS_ROOT}/Target Support Files/Pods-Search_Movies(Rx+MVVM)/Pods-Search_Movies(Rx+MVVM)-frameworks-${CONFIGURATION}-output-files.xcfilelist",
			);
			runOnlyForDeploymentPostprocessing = 0;
			shellPath = /bin/sh;
			shellScript = "\"${PODS_ROOT}/Target Support Files/Pods-Search_Movies(Rx+MVVM)/Pods-Search_Movies(Rx+MVVM)-frameworks.sh\"\n";
			showEnvVarsInLog = 0;
		};
		D9AA0B252BACF23E58440879 /* [CP] Embed Pods Frameworks */ = {
			isa = PBXShellScriptBuildPhase;
			buildActionMask = 2147483647;
			files = (
			);
			inputFileListPaths = (
				"${PODS_ROOT}/Target Support Files/Pods-Search_Movies(Rx+MVVM)-Search_Movies(Rx+MVVM)UITests/Pods-Search_Movies(Rx+MVVM)-Search_Movies(Rx+MVVM)UITests-frameworks-${CONFIGURATION}-input-files.xcfilelist",
			);
			name = "[CP] Embed Pods Frameworks";
			outputFileListPaths = (
				"${PODS_ROOT}/Target Support Files/Pods-Search_Movies(Rx+MVVM)-Search_Movies(Rx+MVVM)UITests/Pods-Search_Movies(Rx+MVVM)-Search_Movies(Rx+MVVM)UITests-frameworks-${CONFIGURATION}-output-files.xcfilelist",
			);
			runOnlyForDeploymentPostprocessing = 0;
			shellPath = /bin/sh;
			shellScript = "\"${PODS_ROOT}/Target Support Files/Pods-Search_Movies(Rx+MVVM)-Search_Movies(Rx+MVVM)UITests/Pods-Search_Movies(Rx+MVVM)-Search_Movies(Rx+MVVM)UITests-frameworks.sh\"\n";
			showEnvVarsInLog = 0;
		};
		EDCFDA6871A741E492E8C111 /* [CP] Check Pods Manifest.lock */ = {
			isa = PBXShellScriptBuildPhase;
			buildActionMask = 2147483647;
			files = (
			);
			inputFileListPaths = (
			);
			inputPaths = (
				"${PODS_PODFILE_DIR_PATH}/Podfile.lock",
				"${PODS_ROOT}/Manifest.lock",
			);
			name = "[CP] Check Pods Manifest.lock";
			outputFileListPaths = (
			);
			outputPaths = (
				"$(DERIVED_FILE_DIR)/Pods-Search_Movies(Rx+MVVM)-checkManifestLockResult.txt",
			);
			runOnlyForDeploymentPostprocessing = 0;
			shellPath = /bin/sh;
			shellScript = "diff \"${PODS_PODFILE_DIR_PATH}/Podfile.lock\" \"${PODS_ROOT}/Manifest.lock\" > /dev/null\nif [ $? != 0 ] ; then\n    # print error to STDERR\n    echo \"error: The sandbox is not in sync with the Podfile.lock. Run 'pod install' or update your CocoaPods installation.\" >&2\n    exit 1\nfi\n# This output is used by Xcode 'outputs' to avoid re-running this script phase.\necho \"SUCCESS\" > \"${SCRIPT_OUTPUT_FILE_0}\"\n";
			showEnvVarsInLog = 0;
		};
/* End PBXShellScriptBuildPhase section */

/* Begin PBXSourcesBuildPhase section */
		7C241A8D2619B2A800AB2250 /* Sources */ = {
			isa = PBXSourcesBuildPhase;
			buildActionMask = 2147483647;
			files = (
				7CC38F912635441100868884 /* Constants.swift in Sources */,
				7C3BE0612620A03100604125 /* Network.swift in Sources */,
				7C3BE05B26209F1700604125 /* MovieModel.swift in Sources */,
				7C3BE0672620A05B00604125 /* HTTPMethod.swift in Sources */,
				7C14A3982625EB6700C7AE1F /* SearchHistoryViewModel.swift in Sources */,
				7C3BE04B26209CCA00604125 /* ViewModel.swift in Sources */,
				7C241A992619B2A800AB2250 /* MainVC.swift in Sources */,
				7CE6935F262BEE2A0050302A /* MovieDetailViewModel.swift in Sources */,
				7CE69351262B3E130050302A /* MovieDetailVC.swift in Sources */,
				7C3BE05626209EE100604125 /* BaseModel.swift in Sources */,
				7C3BE0722620A2F900604125 /* Log.swift in Sources */,
				7C3BE0302620999700604125 /* GenreType.swift in Sources */,
				7C3BE03526209A4200604125 /* CountryType.swift in Sources */,
				7CE69392262C05D50050302A /* String+Extension.swift in Sources */,
				7C14A3AB2625EC7500C7AE1F /* SearchHistoryVC.swift in Sources */,
				7C3BE04026209B3A00604125 /* SearchModel.swift in Sources */,
				7C3BE0232620972800604125 /* BaseViewController.swift in Sources */,
				7C241A952619B2A800AB2250 /* AppDelegate.swift in Sources */,
				7C3BE02B2620976E00604125 /* BaseNavigationController.swift in Sources */,
				7C3BE01A262096F800604125 /* MainViewModel.swift in Sources */,
				7C3BE04626209CC300604125 /* ViewModelType.swift in Sources */,
				7CE69337262B2EAC0050302A /* MovieCell.swift in Sources */,
				7CE693A0262C06D30050302A /* UIStoryboard+Helper.swift in Sources */,
				7C3BE06C2620A06500604125 /* HTTPStatus.swift in Sources */,
			);
			runOnlyForDeploymentPostprocessing = 0;
		};
		7C241AA32619B2AA00AB2250 /* Sources */ = {
			isa = PBXSourcesBuildPhase;
			buildActionMask = 2147483647;
			files = (
				7C241AAC2619B2AA00AB2250 /* Search_Movies_Rx_MVVM_Tests.swift in Sources */,
			);
			runOnlyForDeploymentPostprocessing = 0;
		};
		7C241AAE2619B2AA00AB2250 /* Sources */ = {
			isa = PBXSourcesBuildPhase;
			buildActionMask = 2147483647;
			files = (
				7C241AB72619B2AA00AB2250 /* Search_Movies_Rx_MVVM_UITests.swift in Sources */,
			);
			runOnlyForDeploymentPostprocessing = 0;
		};
/* End PBXSourcesBuildPhase section */

/* Begin PBXTargetDependency section */
		7C241AA92619B2AA00AB2250 /* PBXTargetDependency */ = {
			isa = PBXTargetDependency;
			target = 7C241A902619B2A800AB2250 /* Search_Movies(Rx+MVVM) */;
			targetProxy = 7C241AA82619B2AA00AB2250 /* PBXContainerItemProxy */;
		};
		7C241AB42619B2AA00AB2250 /* PBXTargetDependency */ = {
			isa = PBXTargetDependency;
			target = 7C241A902619B2A800AB2250 /* Search_Movies(Rx+MVVM) */;
			targetProxy = 7C241AB32619B2AA00AB2250 /* PBXContainerItemProxy */;
		};
/* End PBXTargetDependency section */

/* Begin PBXVariantGroup section */
		7C241A9A2619B2A800AB2250 /* Main.storyboard */ = {
			isa = PBXVariantGroup;
			children = (
				7C241A9B2619B2A800AB2250 /* Base */,
			);
			name = Main.storyboard;
			sourceTree = "<group>";
		};
		7C241A9F2619B2AA00AB2250 /* LaunchScreen.storyboard */ = {
			isa = PBXVariantGroup;
			children = (
				7C241AA02619B2AA00AB2250 /* Base */,
			);
			name = LaunchScreen.storyboard;
			sourceTree = "<group>";
		};
/* End PBXVariantGroup section */

/* Begin XCBuildConfiguration section */
		7C241AB92619B2AA00AB2250 /* Debug */ = {
			isa = XCBuildConfiguration;
			buildSettings = {
				ALWAYS_SEARCH_USER_PATHS = NO;
				CLANG_ANALYZER_NONNULL = YES;
				CLANG_ANALYZER_NUMBER_OBJECT_CONVERSION = YES_AGGRESSIVE;
				CLANG_CXX_LANGUAGE_STANDARD = "gnu++14";
				CLANG_CXX_LIBRARY = "libc++";
				CLANG_ENABLE_MODULES = YES;
				CLANG_ENABLE_OBJC_ARC = YES;
				CLANG_ENABLE_OBJC_WEAK = YES;
				CLANG_WARN_BLOCK_CAPTURE_AUTORELEASING = YES;
				CLANG_WARN_BOOL_CONVERSION = YES;
				CLANG_WARN_COMMA = YES;
				CLANG_WARN_CONSTANT_CONVERSION = YES;
				CLANG_WARN_DEPRECATED_OBJC_IMPLEMENTATIONS = YES;
				CLANG_WARN_DIRECT_OBJC_ISA_USAGE = YES_ERROR;
				CLANG_WARN_DOCUMENTATION_COMMENTS = YES;
				CLANG_WARN_EMPTY_BODY = YES;
				CLANG_WARN_ENUM_CONVERSION = YES;
				CLANG_WARN_INFINITE_RECURSION = YES;
				CLANG_WARN_INT_CONVERSION = YES;
				CLANG_WARN_NON_LITERAL_NULL_CONVERSION = YES;
				CLANG_WARN_OBJC_IMPLICIT_RETAIN_SELF = YES;
				CLANG_WARN_OBJC_LITERAL_CONVERSION = YES;
				CLANG_WARN_OBJC_ROOT_CLASS = YES_ERROR;
				CLANG_WARN_QUOTED_INCLUDE_IN_FRAMEWORK_HEADER = YES;
				CLANG_WARN_RANGE_LOOP_ANALYSIS = YES;
				CLANG_WARN_STRICT_PROTOTYPES = YES;
				CLANG_WARN_SUSPICIOUS_MOVE = YES;
				CLANG_WARN_UNGUARDED_AVAILABILITY = YES_AGGRESSIVE;
				CLANG_WARN_UNREACHABLE_CODE = YES;
				CLANG_WARN__DUPLICATE_METHOD_MATCH = YES;
				COPY_PHASE_STRIP = NO;
				DEBUG_INFORMATION_FORMAT = dwarf;
				ENABLE_STRICT_OBJC_MSGSEND = YES;
				ENABLE_TESTABILITY = YES;
				GCC_C_LANGUAGE_STANDARD = gnu11;
				GCC_DYNAMIC_NO_PIC = NO;
				GCC_NO_COMMON_BLOCKS = YES;
				GCC_OPTIMIZATION_LEVEL = 0;
				GCC_PREPROCESSOR_DEFINITIONS = (
					"DEBUG=1",
					"$(inherited)",
				);
				GCC_WARN_64_TO_32_BIT_CONVERSION = YES;
				GCC_WARN_ABOUT_RETURN_TYPE = YES_ERROR;
				GCC_WARN_UNDECLARED_SELECTOR = YES;
				GCC_WARN_UNINITIALIZED_AUTOS = YES_AGGRESSIVE;
				GCC_WARN_UNUSED_FUNCTION = YES;
				GCC_WARN_UNUSED_VARIABLE = YES;
				IPHONEOS_DEPLOYMENT_TARGET = 14.2;
				MTL_ENABLE_DEBUG_INFO = INCLUDE_SOURCE;
				MTL_FAST_MATH = YES;
				ONLY_ACTIVE_ARCH = YES;
				SDKROOT = iphoneos;
				SWIFT_ACTIVE_COMPILATION_CONDITIONS = DEBUG;
				SWIFT_OPTIMIZATION_LEVEL = "-Onone";
			};
			name = Debug;
		};
		7C241ABA2619B2AA00AB2250 /* Release */ = {
			isa = XCBuildConfiguration;
			buildSettings = {
				ALWAYS_SEARCH_USER_PATHS = NO;
				CLANG_ANALYZER_NONNULL = YES;
				CLANG_ANALYZER_NUMBER_OBJECT_CONVERSION = YES_AGGRESSIVE;
				CLANG_CXX_LANGUAGE_STANDARD = "gnu++14";
				CLANG_CXX_LIBRARY = "libc++";
				CLANG_ENABLE_MODULES = YES;
				CLANG_ENABLE_OBJC_ARC = YES;
				CLANG_ENABLE_OBJC_WEAK = YES;
				CLANG_WARN_BLOCK_CAPTURE_AUTORELEASING = YES;
				CLANG_WARN_BOOL_CONVERSION = YES;
				CLANG_WARN_COMMA = YES;
				CLANG_WARN_CONSTANT_CONVERSION = YES;
				CLANG_WARN_DEPRECATED_OBJC_IMPLEMENTATIONS = YES;
				CLANG_WARN_DIRECT_OBJC_ISA_USAGE = YES_ERROR;
				CLANG_WARN_DOCUMENTATION_COMMENTS = YES;
				CLANG_WARN_EMPTY_BODY = YES;
				CLANG_WARN_ENUM_CONVERSION = YES;
				CLANG_WARN_INFINITE_RECURSION = YES;
				CLANG_WARN_INT_CONVERSION = YES;
				CLANG_WARN_NON_LITERAL_NULL_CONVERSION = YES;
				CLANG_WARN_OBJC_IMPLICIT_RETAIN_SELF = YES;
				CLANG_WARN_OBJC_LITERAL_CONVERSION = YES;
				CLANG_WARN_OBJC_ROOT_CLASS = YES_ERROR;
				CLANG_WARN_QUOTED_INCLUDE_IN_FRAMEWORK_HEADER = YES;
				CLANG_WARN_RANGE_LOOP_ANALYSIS = YES;
				CLANG_WARN_STRICT_PROTOTYPES = YES;
				CLANG_WARN_SUSPICIOUS_MOVE = YES;
				CLANG_WARN_UNGUARDED_AVAILABILITY = YES_AGGRESSIVE;
				CLANG_WARN_UNREACHABLE_CODE = YES;
				CLANG_WARN__DUPLICATE_METHOD_MATCH = YES;
				COPY_PHASE_STRIP = NO;
				DEBUG_INFORMATION_FORMAT = "dwarf-with-dsym";
				ENABLE_NS_ASSERTIONS = NO;
				ENABLE_STRICT_OBJC_MSGSEND = YES;
				GCC_C_LANGUAGE_STANDARD = gnu11;
				GCC_NO_COMMON_BLOCKS = YES;
				GCC_WARN_64_TO_32_BIT_CONVERSION = YES;
				GCC_WARN_ABOUT_RETURN_TYPE = YES_ERROR;
				GCC_WARN_UNDECLARED_SELECTOR = YES;
				GCC_WARN_UNINITIALIZED_AUTOS = YES_AGGRESSIVE;
				GCC_WARN_UNUSED_FUNCTION = YES;
				GCC_WARN_UNUSED_VARIABLE = YES;
				IPHONEOS_DEPLOYMENT_TARGET = 14.2;
				MTL_ENABLE_DEBUG_INFO = NO;
				MTL_FAST_MATH = YES;
				SDKROOT = iphoneos;
				SWIFT_COMPILATION_MODE = wholemodule;
				SWIFT_OPTIMIZATION_LEVEL = "-O";
				VALIDATE_PRODUCT = YES;
			};
			name = Release;
		};
		7C241ABC2619B2AA00AB2250 /* Debug */ = {
			isa = XCBuildConfiguration;
			baseConfigurationReference = FD4F66A530F1D743AE43A205 /* Pods-Search_Movies(Rx+MVVM).debug.xcconfig */;
			buildSettings = {
				ASSETCATALOG_COMPILER_APPICON_NAME = AppIcon;
				ASSETCATALOG_COMPILER_GLOBAL_ACCENT_COLOR_NAME = AccentColor;
				CODE_SIGN_STYLE = Automatic;
				DEVELOPMENT_TEAM = X65Q8T8DH7;
				INFOPLIST_FILE = "Search_Movies(Rx+MVVM)/Supporting Files/Info.plist";
				IPHONEOS_DEPLOYMENT_TARGET = 11.0;
				LD_RUNPATH_SEARCH_PATHS = (
					"$(inherited)",
					"@executable_path/Frameworks",
				);
				NAVER_CLIENT_ID = mivorrj52o7Y_25Xq5BE;
				NAVER_CLIENT_SECRET = QMikpc1Tlu;
				PRODUCT_BUNDLE_IDENTIFIER = com.exponent.seach.movies;
				PRODUCT_NAME = "$(TARGET_NAME)";
				SWIFT_VERSION = 5.0;
				TARGETED_DEVICE_FAMILY = 1;
			};
			name = Debug;
		};
		7C241ABD2619B2AA00AB2250 /* Release */ = {
			isa = XCBuildConfiguration;
			baseConfigurationReference = 1188A1449DBDB7C56A588589 /* Pods-Search_Movies(Rx+MVVM).release.xcconfig */;
			buildSettings = {
				ASSETCATALOG_COMPILER_APPICON_NAME = AppIcon;
				ASSETCATALOG_COMPILER_GLOBAL_ACCENT_COLOR_NAME = AccentColor;
				CODE_SIGN_STYLE = Automatic;
				DEVELOPMENT_TEAM = X65Q8T8DH7;
				INFOPLIST_FILE = "Search_Movies(Rx+MVVM)/Supporting Files/Info.plist";
				IPHONEOS_DEPLOYMENT_TARGET = 11.0;
				LD_RUNPATH_SEARCH_PATHS = (
					"$(inherited)",
					"@executable_path/Frameworks",
				);
				NAVER_CLIENT_ID = mivorrj52o7Y_25Xq5BE;
				NAVER_CLIENT_SECRET = QMikpc1Tlu;
				PRODUCT_BUNDLE_IDENTIFIER = com.exponent.seach.movies;
				PRODUCT_NAME = "$(TARGET_NAME)";
				SWIFT_VERSION = 5.0;
				TARGETED_DEVICE_FAMILY = 1;
			};
			name = Release;
		};
		7C241ABF2619B2AA00AB2250 /* Debug */ = {
			isa = XCBuildConfiguration;
			baseConfigurationReference = 31ED2F8C98C0C64E00C28C7D /* Pods-Search_Movies(Rx+MVVM)Tests.debug.xcconfig */;
			buildSettings = {
				ALWAYS_EMBED_SWIFT_STANDARD_LIBRARIES = YES;
				BUNDLE_LOADER = "$(TEST_HOST)";
				CODE_SIGN_STYLE = Automatic;
				INFOPLIST_FILE = "Search_Movies(Rx+MVVM)Tests/Info.plist";
				IPHONEOS_DEPLOYMENT_TARGET = 14.2;
				LD_RUNPATH_SEARCH_PATHS = (
					"$(inherited)",
					"@executable_path/Frameworks",
					"@loader_path/Frameworks",
				);
				PRODUCT_BUNDLE_IDENTIFIER = "com.exponent.Search-Movies-Rx-MVVM-Tests";
				PRODUCT_NAME = "$(TARGET_NAME)";
				SWIFT_VERSION = 5.0;
				TARGETED_DEVICE_FAMILY = "1,2";
				TEST_HOST = "$(BUILT_PRODUCTS_DIR)/Search_Movies(Rx+MVVM).app/Search_Movies(Rx+MVVM)";
			};
			name = Debug;
		};
		7C241AC02619B2AA00AB2250 /* Release */ = {
			isa = XCBuildConfiguration;
			baseConfigurationReference = 355F8F5D657915CF9E28021A /* Pods-Search_Movies(Rx+MVVM)Tests.release.xcconfig */;
			buildSettings = {
				ALWAYS_EMBED_SWIFT_STANDARD_LIBRARIES = YES;
				BUNDLE_LOADER = "$(TEST_HOST)";
				CODE_SIGN_STYLE = Automatic;
				INFOPLIST_FILE = "Search_Movies(Rx+MVVM)Tests/Info.plist";
				IPHONEOS_DEPLOYMENT_TARGET = 14.2;
				LD_RUNPATH_SEARCH_PATHS = (
					"$(inherited)",
					"@executable_path/Frameworks",
					"@loader_path/Frameworks",
				);
				PRODUCT_BUNDLE_IDENTIFIER = "com.exponent.Search-Movies-Rx-MVVM-Tests";
				PRODUCT_NAME = "$(TARGET_NAME)";
				SWIFT_VERSION = 5.0;
				TARGETED_DEVICE_FAMILY = "1,2";
				TEST_HOST = "$(BUILT_PRODUCTS_DIR)/Search_Movies(Rx+MVVM).app/Search_Movies(Rx+MVVM)";
			};
			name = Release;
		};
		7C241AC22619B2AA00AB2250 /* Debug */ = {
			isa = XCBuildConfiguration;
			baseConfigurationReference = 2ABCCC640F8AC3796BA293BF /* Pods-Search_Movies(Rx+MVVM)-Search_Movies(Rx+MVVM)UITests.debug.xcconfig */;
			buildSettings = {
				ALWAYS_EMBED_SWIFT_STANDARD_LIBRARIES = YES;
				CODE_SIGN_STYLE = Automatic;
				INFOPLIST_FILE = "Search_Movies(Rx+MVVM)UITests/Info.plist";
				LD_RUNPATH_SEARCH_PATHS = (
					"$(inherited)",
					"@executable_path/Frameworks",
					"@loader_path/Frameworks",
				);
				PRODUCT_BUNDLE_IDENTIFIER = "com.exponent.Search-Movies-Rx-MVVM-UITests";
				PRODUCT_NAME = "$(TARGET_NAME)";
				SWIFT_VERSION = 5.0;
				TARGETED_DEVICE_FAMILY = "1,2";
				TEST_TARGET_NAME = "Search_Movies(Rx+MVVM)";
			};
			name = Debug;
		};
		7C241AC32619B2AA00AB2250 /* Release */ = {
			isa = XCBuildConfiguration;
			baseConfigurationReference = 2E220E2896DA7C9DCD1731BF /* Pods-Search_Movies(Rx+MVVM)-Search_Movies(Rx+MVVM)UITests.release.xcconfig */;
			buildSettings = {
				ALWAYS_EMBED_SWIFT_STANDARD_LIBRARIES = YES;
				CODE_SIGN_STYLE = Automatic;
				INFOPLIST_FILE = "Search_Movies(Rx+MVVM)UITests/Info.plist";
				LD_RUNPATH_SEARCH_PATHS = (
					"$(inherited)",
					"@executable_path/Frameworks",
					"@loader_path/Frameworks",
				);
				PRODUCT_BUNDLE_IDENTIFIER = "com.exponent.Search-Movies-Rx-MVVM-UITests";
				PRODUCT_NAME = "$(TARGET_NAME)";
				SWIFT_VERSION = 5.0;
				TARGETED_DEVICE_FAMILY = "1,2";
				TEST_TARGET_NAME = "Search_Movies(Rx+MVVM)";
			};
			name = Release;
		};
/* End XCBuildConfiguration section */

/* Begin XCConfigurationList section */
		7C241A8C2619B2A800AB2250 /* Build configuration list for PBXProject "Search_Movies(Rx+MVVM)" */ = {
			isa = XCConfigurationList;
			buildConfigurations = (
				7C241AB92619B2AA00AB2250 /* Debug */,
				7C241ABA2619B2AA00AB2250 /* Release */,
			);
			defaultConfigurationIsVisible = 0;
			defaultConfigurationName = Release;
		};
		7C241ABB2619B2AA00AB2250 /* Build configuration list for PBXNativeTarget "Search_Movies(Rx+MVVM)" */ = {
			isa = XCConfigurationList;
			buildConfigurations = (
				7C241ABC2619B2AA00AB2250 /* Debug */,
				7C241ABD2619B2AA00AB2250 /* Release */,
			);
			defaultConfigurationIsVisible = 0;
			defaultConfigurationName = Release;
		};
		7C241ABE2619B2AA00AB2250 /* Build configuration list for PBXNativeTarget "Search_Movies(Rx+MVVM)Tests" */ = {
			isa = XCConfigurationList;
			buildConfigurations = (
				7C241ABF2619B2AA00AB2250 /* Debug */,
				7C241AC02619B2AA00AB2250 /* Release */,
			);
			defaultConfigurationIsVisible = 0;
			defaultConfigurationName = Release;
		};
		7C241AC12619B2AA00AB2250 /* Build configuration list for PBXNativeTarget "Search_Movies(Rx+MVVM)UITests" */ = {
			isa = XCConfigurationList;
			buildConfigurations = (
				7C241AC22619B2AA00AB2250 /* Debug */,
				7C241AC32619B2AA00AB2250 /* Release */,
			);
			defaultConfigurationIsVisible = 0;
			defaultConfigurationName = Release;
		};
/* End XCConfigurationList section */
	};
	rootObject = 7C241A892619B2A800AB2250 /* Project object */;
}
